// !$*UTF8*$!
{
	archiveVersion = 1;
	classes = {
	};
	objectVersion = 46;
	objects = {

/* Begin PBXBuildFile section */
		2702BAA67A8803F02904B165 /* libPods-LPCToolsDemo.a in Frameworks */ = {isa = PBXBuildFile; fileRef = BE70995FBD4023B6A6E8FDE5 /* libPods-LPCToolsDemo.a */; };
		DB5ACEEF1FE25552007C4C98 /* LPCImages.bundle in Resources */ = {isa = PBXBuildFile; fileRef = DB5ACEC01FE25552007C4C98 /* LPCImages.bundle */; };
		DB5ACEF01FE25552007C4C98 /* LPCBaseManager.m in Sources */ = {isa = PBXBuildFile; fileRef = DB5ACEC31FE25552007C4C98 /* LPCBaseManager.m */; };
		DB5ACEF11FE25552007C4C98 /* LPCNotificationManager.m in Sources */ = {isa = PBXBuildFile; fileRef = DB5ACEC51FE25552007C4C98 /* LPCNotificationManager.m */; };
		DB5ACEF21FE25552007C4C98 /* LPCCommentApp.m in Sources */ = {isa = PBXBuildFile; fileRef = DB5ACEC81FE25552007C4C98 /* LPCCommentApp.m */; };
		DB5ACEF31FE25552007C4C98 /* LPCHTTPSessionManager.m in Sources */ = {isa = PBXBuildFile; fileRef = DB5ACECA1FE25552007C4C98 /* LPCHTTPSessionManager.m */; };
		DB5ACEF41FE25552007C4C98 /* LPCMBProgressHUD.m in Sources */ = {isa = PBXBuildFile; fileRef = DB5ACECC1FE25552007C4C98 /* LPCMBProgressHUD.m */; };
		DB5ACEF51FE25552007C4C98 /* LPCShareView.m in Sources */ = {isa = PBXBuildFile; fileRef = DB5ACECE1FE25552007C4C98 /* LPCShareView.m */; };
		DB5ACEF61FE25552007C4C98 /* LPCTools.m in Sources */ = {isa = PBXBuildFile; fileRef = DB5ACED01FE25552007C4C98 /* LPCTools.m */; };
		DB5ACEF71FE25552007C4C98 /* LPCAlertController.m in Sources */ = {isa = PBXBuildFile; fileRef = DB5ACED31FE25552007C4C98 /* LPCAlertController.m */; };
		DB5ACEF81FE25552007C4C98 /* LPCBaseModel.m in Sources */ = {isa = PBXBuildFile; fileRef = DB5ACED51FE25552007C4C98 /* LPCBaseModel.m */; };
		DB5ACEF91FE25552007C4C98 /* LPCTableView.m in Sources */ = {isa = PBXBuildFile; fileRef = DB5ACED71FE25552007C4C98 /* LPCTableView.m */; };
		DB5ACEFA1FE25552007C4C98 /* LPCTableViewCell.m in Sources */ = {isa = PBXBuildFile; fileRef = DB5ACED91FE25552007C4C98 /* LPCTableViewCell.m */; };
		DB5ACEFB1FE25552007C4C98 /* LPCView.m in Sources */ = {isa = PBXBuildFile; fileRef = DB5ACEDC1FE25552007C4C98 /* LPCView.m */; };
		DB5ACEFC1FE25552007C4C98 /* LPCErrorcodeView.m in Sources */ = {isa = PBXBuildFile; fileRef = DB5ACEE01FE25552007C4C98 /* LPCErrorcodeView.m */; };
		DB5ACEFD1FE25552007C4C98 /* LPCErrorcodeView.xib in Resources */ = {isa = PBXBuildFile; fileRef = DB5ACEE11FE25552007C4C98 /* LPCErrorcodeView.xib */; };
		DB5ACF031FE25552007C4C98 /* LPCGesturesUnlockIndicator.m in Sources */ = {isa = PBXBuildFile; fileRef = DB5ACEE91FE25552007C4C98 /* LPCGesturesUnlockIndicator.m */; };
		DB5ACF041FE25552007C4C98 /* LPCGesturesUnlockView.m in Sources */ = {isa = PBXBuildFile; fileRef = DB5ACEEB1FE25552007C4C98 /* LPCGesturesUnlockView.m */; };
		DB5ACF051FE25552007C4C98 /* LPCGesturesUnlockViewController.m in Sources */ = {isa = PBXBuildFile; fileRef = DB5ACEED1FE25552007C4C98 /* LPCGesturesUnlockViewController.m */; };
		DB5ACF061FE25552007C4C98 /* LPCGesturesUnlockViewController.xib in Resources */ = {isa = PBXBuildFile; fileRef = DB5ACEEE1FE25552007C4C98 /* LPCGesturesUnlockViewController.xib */; };
		DB5ACF091FE255B8007C4C98 /* LPCBaseView.m in Sources */ = {isa = PBXBuildFile; fileRef = DB5ACF081FE255B8007C4C98 /* LPCBaseView.m */; };
		DB5ACF101FE25904007C4C98 /* LPCObject.m in Sources */ = {isa = PBXBuildFile; fileRef = DB5ACF0F1FE25904007C4C98 /* LPCObject.m */; };
		DB5ACF141FE259B2007C4C98 /* UIView+LPCCategoryTool.m in Sources */ = {isa = PBXBuildFile; fileRef = DB5ACF131FE259B2007C4C98 /* UIView+LPCCategoryTool.m */; };
		DB5ACF171FE25B07007C4C98 /* LPCBaseViewController.m in Sources */ = {isa = PBXBuildFile; fileRef = DB5ACF161FE25B07007C4C98 /* LPCBaseViewController.m */; };
		DB5ACF1A1FE25CE9007C4C98 /* LPCBaseTableView.m in Sources */ = {isa = PBXBuildFile; fileRef = DB5ACF191FE25CE9007C4C98 /* LPCBaseTableView.m */; };
		DB5ACF1D1FE25D57007C4C98 /* LPCViewController.m in Sources */ = {isa = PBXBuildFile; fileRef = DB5ACF1C1FE25D57007C4C98 /* LPCViewController.m */; };
		DB5ACF201FE25E37007C4C98 /* LPCBaseTableViewCell.m in Sources */ = {isa = PBXBuildFile; fileRef = DB5ACF1F1FE25E37007C4C98 /* LPCBaseTableViewCell.m */; };
		DB5ACF231FE25F9E007C4C98 /* LPCScrollView.m in Sources */ = {isa = PBXBuildFile; fileRef = DB5ACF221FE25F9E007C4C98 /* LPCScrollView.m */; };
		DB5ACF261FE25FD1007C4C98 /* LPCBaseScrollView.m in Sources */ = {isa = PBXBuildFile; fileRef = DB5ACF251FE25FD1007C4C98 /* LPCBaseScrollView.m */; };
		DBC6E1481F4301C700A4E200 /* main.m in Sources */ = {isa = PBXBuildFile; fileRef = DBC6E1471F4301C700A4E200 /* main.m */; };
		DBC6E14B1F4301C700A4E200 /* AppDelegate.m in Sources */ = {isa = PBXBuildFile; fileRef = DBC6E14A1F4301C700A4E200 /* AppDelegate.m */; };
		DBC6E14E1F4301C700A4E200 /* ViewController.m in Sources */ = {isa = PBXBuildFile; fileRef = DBC6E14D1F4301C700A4E200 /* ViewController.m */; };
		DBC6E1511F4301C700A4E200 /* Main.storyboard in Resources */ = {isa = PBXBuildFile; fileRef = DBC6E14F1F4301C700A4E200 /* Main.storyboard */; };
		DBC6E1531F4301C700A4E200 /* Assets.xcassets in Resources */ = {isa = PBXBuildFile; fileRef = DBC6E1521F4301C700A4E200 /* Assets.xcassets */; };
		DBC6E1561F4301C700A4E200 /* LaunchScreen.storyboard in Resources */ = {isa = PBXBuildFile; fileRef = DBC6E1541F4301C700A4E200 /* LaunchScreen.storyboard */; };
/* End PBXBuildFile section */

/* Begin PBXFileReference section */
		798803811E9C9BF34F1B051D /* Pods-LPCToolsDemo.debug.xcconfig */ = {isa = PBXFileReference; includeInIndex = 1; lastKnownFileType = text.xcconfig; name = "Pods-LPCToolsDemo.debug.xcconfig"; path = "Pods/Target Support Files/Pods-LPCToolsDemo/Pods-LPCToolsDemo.debug.xcconfig"; sourceTree = "<group>"; };
		BE70995FBD4023B6A6E8FDE5 /* libPods-LPCToolsDemo.a */ = {isa = PBXFileReference; explicitFileType = archive.ar; includeInIndex = 0; path = "libPods-LPCToolsDemo.a"; sourceTree = BUILT_PRODUCTS_DIR; };
		C49EFD0FEF477132F38427CE /* Pods-LPCToolsDemo.release.xcconfig */ = {isa = PBXFileReference; includeInIndex = 1; lastKnownFileType = text.xcconfig; name = "Pods-LPCToolsDemo.release.xcconfig"; path = "Pods/Target Support Files/Pods-LPCToolsDemo/Pods-LPCToolsDemo.release.xcconfig"; sourceTree = "<group>"; };
		DB5ACEB11FE25552007C4C98 /* LPCColorDefine.h */ = {isa = PBXFileReference; fileEncoding = 4; lastKnownFileType = sourcecode.c.h; path = LPCColorDefine.h; sourceTree = "<group>"; };
		DB5ACEB21FE25552007C4C98 /* LPCDefine.h */ = {isa = PBXFileReference; fileEncoding = 4; lastKnownFileType = sourcecode.c.h; path = LPCDefine.h; sourceTree = "<group>"; };
		DB5ACEB31FE25552007C4C98 /* LPCEnum.h */ = {isa = PBXFileReference; fileEncoding = 4; lastKnownFileType = sourcecode.c.h; path = LPCEnum.h; sourceTree = "<group>"; };
		DB5ACEB41FE25552007C4C98 /* LPCFontDefine.h */ = {isa = PBXFileReference; fileEncoding = 4; lastKnownFileType = sourcecode.c.h; path = LPCFontDefine.h; sourceTree = "<group>"; };
		DB5ACEB51FE25552007C4C98 /* LPCFrameDefine.h */ = {isa = PBXFileReference; fileEncoding = 4; lastKnownFileType = sourcecode.c.h; path = LPCFrameDefine.h; sourceTree = "<group>"; };
		DB5ACEB61FE25552007C4C98 /* LPCFunctionDefine.h */ = {isa = PBXFileReference; fileEncoding = 4; lastKnownFileType = sourcecode.c.h; path = LPCFunctionDefine.h; sourceTree = "<group>"; };
		DB5ACEB71FE25552007C4C98 /* LPCKeyDefine.h */ = {isa = PBXFileReference; fileEncoding = 4; lastKnownFileType = sourcecode.c.h; path = LPCKeyDefine.h; sourceTree = "<group>"; };
		DB5ACEB81FE25552007C4C98 /* LPCLanguageDefine.h */ = {isa = PBXFileReference; fileEncoding = 4; lastKnownFileType = sourcecode.c.h; path = LPCLanguageDefine.h; sourceTree = "<group>"; };
		DB5ACEB91FE25552007C4C98 /* LPCOtherDefine.h */ = {isa = PBXFileReference; fileEncoding = 4; lastKnownFileType = sourcecode.c.h; path = LPCOtherDefine.h; sourceTree = "<group>"; };
		DB5ACEBA1FE25552007C4C98 /* LPCPathDefine.h */ = {isa = PBXFileReference; fileEncoding = 4; lastKnownFileType = sourcecode.c.h; path = LPCPathDefine.h; sourceTree = "<group>"; };
		DB5ACEBB1FE25552007C4C98 /* LPCStringDefine.h */ = {isa = PBXFileReference; fileEncoding = 4; lastKnownFileType = sourcecode.c.h; path = LPCStringDefine.h; sourceTree = "<group>"; };
		DB5ACEBC1FE25552007C4C98 /* LPCSystemDefine.h */ = {isa = PBXFileReference; fileEncoding = 4; lastKnownFileType = sourcecode.c.h; path = LPCSystemDefine.h; sourceTree = "<group>"; };
		DB5ACEBD1FE25552007C4C98 /* LPCURLDefine.h */ = {isa = PBXFileReference; fileEncoding = 4; lastKnownFileType = sourcecode.c.h; path = LPCURLDefine.h; sourceTree = "<group>"; };
		DB5ACEBE1FE25552007C4C98 /* LPCVersionDefine.h */ = {isa = PBXFileReference; fileEncoding = 4; lastKnownFileType = sourcecode.c.h; path = LPCVersionDefine.h; sourceTree = "<group>"; };
		DB5ACEBF1FE25552007C4C98 /* LPCViewDefine.h */ = {isa = PBXFileReference; fileEncoding = 4; lastKnownFileType = sourcecode.c.h; path = LPCViewDefine.h; sourceTree = "<group>"; };
		DB5ACEC01FE25552007C4C98 /* LPCImages.bundle */ = {isa = PBXFileReference; lastKnownFileType = "wrapper.plug-in"; path = LPCImages.bundle; sourceTree = "<group>"; };
		DB5ACEC21FE25552007C4C98 /* LPCBaseManager.h */ = {isa = PBXFileReference; fileEncoding = 4; lastKnownFileType = sourcecode.c.h; path = LPCBaseManager.h; sourceTree = "<group>"; };
		DB5ACEC31FE25552007C4C98 /* LPCBaseManager.m */ = {isa = PBXFileReference; fileEncoding = 4; lastKnownFileType = sourcecode.c.objc; path = LPCBaseManager.m; sourceTree = "<group>"; };
		DB5ACEC41FE25552007C4C98 /* LPCNotificationManager.h */ = {isa = PBXFileReference; fileEncoding = 4; lastKnownFileType = sourcecode.c.h; path = LPCNotificationManager.h; sourceTree = "<group>"; };
		DB5ACEC51FE25552007C4C98 /* LPCNotificationManager.m */ = {isa = PBXFileReference; fileEncoding = 4; lastKnownFileType = sourcecode.c.objc; path = LPCNotificationManager.m; sourceTree = "<group>"; };
		DB5ACEC71FE25552007C4C98 /* LPCCommentApp.h */ = {isa = PBXFileReference; fileEncoding = 4; lastKnownFileType = sourcecode.c.h; path = LPCCommentApp.h; sourceTree = "<group>"; };
		DB5ACEC81FE25552007C4C98 /* LPCCommentApp.m */ = {isa = PBXFileReference; fileEncoding = 4; lastKnownFileType = sourcecode.c.objc; path = LPCCommentApp.m; sourceTree = "<group>"; };
		DB5ACEC91FE25552007C4C98 /* LPCHTTPSessionManager.h */ = {isa = PBXFileReference; fileEncoding = 4; lastKnownFileType = sourcecode.c.h; path = LPCHTTPSessionManager.h; sourceTree = "<group>"; };
		DB5ACECA1FE25552007C4C98 /* LPCHTTPSessionManager.m */ = {isa = PBXFileReference; fileEncoding = 4; lastKnownFileType = sourcecode.c.objc; path = LPCHTTPSessionManager.m; sourceTree = "<group>"; };
		DB5ACECB1FE25552007C4C98 /* LPCMBProgressHUD.h */ = {isa = PBXFileReference; fileEncoding = 4; lastKnownFileType = sourcecode.c.h; path = LPCMBProgressHUD.h; sourceTree = "<group>"; };
		DB5ACECC1FE25552007C4C98 /* LPCMBProgressHUD.m */ = {isa = PBXFileReference; fileEncoding = 4; lastKnownFileType = sourcecode.c.objc; path = LPCMBProgressHUD.m; sourceTree = "<group>"; };
		DB5ACECD1FE25552007C4C98 /* LPCShareView.h */ = {isa = PBXFileReference; fileEncoding = 4; lastKnownFileType = sourcecode.c.h; path = LPCShareView.h; sourceTree = "<group>"; };
		DB5ACECE1FE25552007C4C98 /* LPCShareView.m */ = {isa = PBXFileReference; fileEncoding = 4; lastKnownFileType = sourcecode.c.objc; path = LPCShareView.m; sourceTree = "<group>"; };
		DB5ACECF1FE25552007C4C98 /* LPCTools.h */ = {isa = PBXFileReference; fileEncoding = 4; lastKnownFileType = sourcecode.c.h; path = LPCTools.h; sourceTree = "<group>"; };
		DB5ACED01FE25552007C4C98 /* LPCTools.m */ = {isa = PBXFileReference; fileEncoding = 4; lastKnownFileType = sourcecode.c.objc; path = LPCTools.m; sourceTree = "<group>"; };
		DB5ACED21FE25552007C4C98 /* LPCAlertController.h */ = {isa = PBXFileReference; fileEncoding = 4; lastKnownFileType = sourcecode.c.h; path = LPCAlertController.h; sourceTree = "<group>"; };
		DB5ACED31FE25552007C4C98 /* LPCAlertController.m */ = {isa = PBXFileReference; fileEncoding = 4; lastKnownFileType = sourcecode.c.objc; path = LPCAlertController.m; sourceTree = "<group>"; };
		DB5ACED41FE25552007C4C98 /* LPCBaseModel.h */ = {isa = PBXFileReference; fileEncoding = 4; lastKnownFileType = sourcecode.c.h; path = LPCBaseModel.h; sourceTree = "<group>"; };
		DB5ACED51FE25552007C4C98 /* LPCBaseModel.m */ = {isa = PBXFileReference; fileEncoding = 4; lastKnownFileType = sourcecode.c.objc; path = LPCBaseModel.m; sourceTree = "<group>"; };
		DB5ACED61FE25552007C4C98 /* LPCTableView.h */ = {isa = PBXFileReference; fileEncoding = 4; lastKnownFileType = sourcecode.c.h; path = LPCTableView.h; sourceTree = "<group>"; };
		DB5ACED71FE25552007C4C98 /* LPCTableView.m */ = {isa = PBXFileReference; fileEncoding = 4; lastKnownFileType = sourcecode.c.objc; path = LPCTableView.m; sourceTree = "<group>"; };
		DB5ACED81FE25552007C4C98 /* LPCTableViewCell.h */ = {isa = PBXFileReference; fileEncoding = 4; lastKnownFileType = sourcecode.c.h; path = LPCTableViewCell.h; sourceTree = "<group>"; };
		DB5ACED91FE25552007C4C98 /* LPCTableViewCell.m */ = {isa = PBXFileReference; fileEncoding = 4; lastKnownFileType = sourcecode.c.objc; path = LPCTableViewCell.m; sourceTree = "<group>"; };
		DB5ACEDA1FE25552007C4C98 /* LPCUIKit.h */ = {isa = PBXFileReference; fileEncoding = 4; lastKnownFileType = sourcecode.c.h; path = LPCUIKit.h; sourceTree = "<group>"; };
		DB5ACEDB1FE25552007C4C98 /* LPCView.h */ = {isa = PBXFileReference; fileEncoding = 4; lastKnownFileType = sourcecode.c.h; path = LPCView.h; sourceTree = "<group>"; };
		DB5ACEDC1FE25552007C4C98 /* LPCView.m */ = {isa = PBXFileReference; fileEncoding = 4; lastKnownFileType = sourcecode.c.objc; path = LPCView.m; sourceTree = "<group>"; };
		DB5ACEDF1FE25552007C4C98 /* LPCErrorcodeView.h */ = {isa = PBXFileReference; fileEncoding = 4; lastKnownFileType = sourcecode.c.h; path = LPCErrorcodeView.h; sourceTree = "<group>"; };
		DB5ACEE01FE25552007C4C98 /* LPCErrorcodeView.m */ = {isa = PBXFileReference; fileEncoding = 4; lastKnownFileType = sourcecode.c.objc; path = LPCErrorcodeView.m; sourceTree = "<group>"; };
		DB5ACEE11FE25552007C4C98 /* LPCErrorcodeView.xib */ = {isa = PBXFileReference; fileEncoding = 4; lastKnownFileType = file.xib; path = LPCErrorcodeView.xib; sourceTree = "<group>"; };
		DB5ACEE81FE25552007C4C98 /* LPCGesturesUnlockIndicator.h */ = {isa = PBXFileReference; fileEncoding = 4; lastKnownFileType = sourcecode.c.h; path = LPCGesturesUnlockIndicator.h; sourceTree = "<group>"; };
		DB5ACEE91FE25552007C4C98 /* LPCGesturesUnlockIndicator.m */ = {isa = PBXFileReference; fileEncoding = 4; lastKnownFileType = sourcecode.c.objc; path = LPCGesturesUnlockIndicator.m; sourceTree = "<group>"; };
		DB5ACEEA1FE25552007C4C98 /* LPCGesturesUnlockView.h */ = {isa = PBXFileReference; fileEncoding = 4; lastKnownFileType = sourcecode.c.h; path = LPCGesturesUnlockView.h; sourceTree = "<group>"; };
		DB5ACEEB1FE25552007C4C98 /* LPCGesturesUnlockView.m */ = {isa = PBXFileReference; fileEncoding = 4; lastKnownFileType = sourcecode.c.objc; path = LPCGesturesUnlockView.m; sourceTree = "<group>"; };
		DB5ACEEC1FE25552007C4C98 /* LPCGesturesUnlockViewController.h */ = {isa = PBXFileReference; fileEncoding = 4; lastKnownFileType = sourcecode.c.h; path = LPCGesturesUnlockViewController.h; sourceTree = "<group>"; };
		DB5ACEED1FE25552007C4C98 /* LPCGesturesUnlockViewController.m */ = {isa = PBXFileReference; fileEncoding = 4; lastKnownFileType = sourcecode.c.objc; path = LPCGesturesUnlockViewController.m; sourceTree = "<group>"; };
		DB5ACEEE1FE25552007C4C98 /* LPCGesturesUnlockViewController.xib */ = {isa = PBXFileReference; fileEncoding = 4; lastKnownFileType = file.xib; path = LPCGesturesUnlockViewController.xib; sourceTree = "<group>"; };
		DB5ACF071FE255B8007C4C98 /* LPCBaseView.h */ = {isa = PBXFileReference; lastKnownFileType = sourcecode.c.h; path = LPCBaseView.h; sourceTree = "<group>"; };
		DB5ACF081FE255B8007C4C98 /* LPCBaseView.m */ = {isa = PBXFileReference; lastKnownFileType = sourcecode.c.objc; path = LPCBaseView.m; sourceTree = "<group>"; };
		DB5ACF0E1FE25904007C4C98 /* LPCObject.h */ = {isa = PBXFileReference; lastKnownFileType = sourcecode.c.h; path = LPCObject.h; sourceTree = "<group>"; };
		DB5ACF0F1FE25904007C4C98 /* LPCObject.m */ = {isa = PBXFileReference; lastKnownFileType = sourcecode.c.objc; path = LPCObject.m; sourceTree = "<group>"; };
		DB5ACF121FE259B2007C4C98 /* UIView+LPCCategoryTool.h */ = {isa = PBXFileReference; lastKnownFileType = sourcecode.c.h; path = "UIView+LPCCategoryTool.h"; sourceTree = "<group>"; };
		DB5ACF131FE259B2007C4C98 /* UIView+LPCCategoryTool.m */ = {isa = PBXFileReference; lastKnownFileType = sourcecode.c.objc; path = "UIView+LPCCategoryTool.m"; sourceTree = "<group>"; };
		DB5ACF151FE25B07007C4C98 /* LPCBaseViewController.h */ = {isa = PBXFileReference; lastKnownFileType = sourcecode.c.h; path = LPCBaseViewController.h; sourceTree = "<group>"; };
		DB5ACF161FE25B07007C4C98 /* LPCBaseViewController.m */ = {isa = PBXFileReference; lastKnownFileType = sourcecode.c.objc; path = LPCBaseViewController.m; sourceTree = "<group>"; };
		DB5ACF181FE25CE9007C4C98 /* LPCBaseTableView.h */ = {isa = PBXFileReference; lastKnownFileType = sourcecode.c.h; path = LPCBaseTableView.h; sourceTree = "<group>"; };
		DB5ACF191FE25CE9007C4C98 /* LPCBaseTableView.m */ = {isa = PBXFileReference; lastKnownFileType = sourcecode.c.objc; path = LPCBaseTableView.m; sourceTree = "<group>"; };
		DB5ACF1B1FE25D57007C4C98 /* LPCViewController.h */ = {isa = PBXFileReference; lastKnownFileType = sourcecode.c.h; path = LPCViewController.h; sourceTree = "<group>"; };
		DB5ACF1C1FE25D57007C4C98 /* LPCViewController.m */ = {isa = PBXFileReference; lastKnownFileType = sourcecode.c.objc; path = LPCViewController.m; sourceTree = "<group>"; };
		DB5ACF1E1FE25E37007C4C98 /* LPCBaseTableViewCell.h */ = {isa = PBXFileReference; lastKnownFileType = sourcecode.c.h; path = LPCBaseTableViewCell.h; sourceTree = "<group>"; };
		DB5ACF1F1FE25E37007C4C98 /* LPCBaseTableViewCell.m */ = {isa = PBXFileReference; lastKnownFileType = sourcecode.c.objc; path = LPCBaseTableViewCell.m; sourceTree = "<group>"; };
		DB5ACF211FE25F9E007C4C98 /* LPCScrollView.h */ = {isa = PBXFileReference; lastKnownFileType = sourcecode.c.h; path = LPCScrollView.h; sourceTree = "<group>"; };
		DB5ACF221FE25F9E007C4C98 /* LPCScrollView.m */ = {isa = PBXFileReference; lastKnownFileType = sourcecode.c.objc; path = LPCScrollView.m; sourceTree = "<group>"; };
		DB5ACF241FE25FD1007C4C98 /* LPCBaseScrollView.h */ = {isa = PBXFileReference; lastKnownFileType = sourcecode.c.h; path = LPCBaseScrollView.h; sourceTree = "<group>"; };
		DB5ACF251FE25FD1007C4C98 /* LPCBaseScrollView.m */ = {isa = PBXFileReference; lastKnownFileType = sourcecode.c.objc; path = LPCBaseScrollView.m; sourceTree = "<group>"; };
		DB5ACF271FE26100007C4C98 /* LPCThemeDefine.h */ = {isa = PBXFileReference; lastKnownFileType = sourcecode.c.h; path = LPCThemeDefine.h; sourceTree = "<group>"; };
		DBC6E1431F4301C700A4E200 /* LPCToolsDemo.app */ = {isa = PBXFileReference; explicitFileType = wrapper.application; includeInIndex = 0; path = LPCToolsDemo.app; sourceTree = BUILT_PRODUCTS_DIR; };
		DBC6E1471F4301C700A4E200 /* main.m */ = {isa = PBXFileReference; lastKnownFileType = sourcecode.c.objc; path = main.m; sourceTree = "<group>"; };
		DBC6E1491F4301C700A4E200 /* AppDelegate.h */ = {isa = PBXFileReference; lastKnownFileType = sourcecode.c.h; path = AppDelegate.h; sourceTree = "<group>"; };
		DBC6E14A1F4301C700A4E200 /* AppDelegate.m */ = {isa = PBXFileReference; lastKnownFileType = sourcecode.c.objc; path = AppDelegate.m; sourceTree = "<group>"; };
		DBC6E14C1F4301C700A4E200 /* ViewController.h */ = {isa = PBXFileReference; lastKnownFileType = sourcecode.c.h; path = ViewController.h; sourceTree = "<group>"; };
		DBC6E14D1F4301C700A4E200 /* ViewController.m */ = {isa = PBXFileReference; lastKnownFileType = sourcecode.c.objc; path = ViewController.m; sourceTree = "<group>"; };
		DBC6E1501F4301C700A4E200 /* Base */ = {isa = PBXFileReference; lastKnownFileType = file.storyboard; name = Base; path = Base.lproj/Main.storyboard; sourceTree = "<group>"; };
		DBC6E1521F4301C700A4E200 /* Assets.xcassets */ = {isa = PBXFileReference; lastKnownFileType = folder.assetcatalog; path = Assets.xcassets; sourceTree = "<group>"; };
		DBC6E1551F4301C700A4E200 /* Base */ = {isa = PBXFileReference; lastKnownFileType = file.storyboard; name = Base; path = Base.lproj/LaunchScreen.storyboard; sourceTree = "<group>"; };
		DBC6E1571F4301C700A4E200 /* Info.plist */ = {isa = PBXFileReference; lastKnownFileType = text.plist.xml; path = Info.plist; sourceTree = "<group>"; };
/* End PBXFileReference section */

/* Begin PBXFrameworksBuildPhase section */
		DBC6E1401F4301C700A4E200 /* Frameworks */ = {
			isa = PBXFrameworksBuildPhase;
			buildActionMask = 2147483647;
			files = (
				2702BAA67A8803F02904B165 /* libPods-LPCToolsDemo.a in Frameworks */,
			);
			runOnlyForDeploymentPostprocessing = 0;
		};
/* End PBXFrameworksBuildPhase section */

/* Begin PBXGroup section */
		4D48EAC2E785D39DBF58F24C /* Frameworks */ = {
			isa = PBXGroup;
			children = (
				BE70995FBD4023B6A6E8FDE5 /* libPods-LPCToolsDemo.a */,
			);
			name = Frameworks;
			sourceTree = "<group>";
		};
		5E3075719341E9992183C9AE /* Pods */ = {
			isa = PBXGroup;
			children = (
				798803811E9C9BF34F1B051D /* Pods-LPCToolsDemo.debug.xcconfig */,
				C49EFD0FEF477132F38427CE /* Pods-LPCToolsDemo.release.xcconfig */,
			);
			name = Pods;
			sourceTree = "<group>";
		};
		DB5ACEAF1FE25552007C4C98 /* LPCGodlike */ = {
			isa = PBXGroup;
			children = (
				DB5ACECF1FE25552007C4C98 /* LPCTools.h */,
				DB5ACED01FE25552007C4C98 /* LPCTools.m */,
				DB5ACF0A1FE257E3007C4C98 /* LPCBaseKit */,
				DB5ACF111FE2594F007C4C98 /* LPCCategory */,
				DB5ACF0D1FE25868007C4C98 /* LPCFoundation */,
				DB5ACF0B1FE257F8007C4C98 /* LPCUI */,
				DB5ACEC11FE25552007C4C98 /* LPCManager */,
				DB5ACEC61FE25552007C4C98 /* LPCSDK */,
				DB5ACEB01FE25552007C4C98 /* LPCDefine */,
				DB5ACEC01FE25552007C4C98 /* LPCImages.bundle */,
			);
			name = LPCGodlike;
			path = ../LPCGodlike;
			sourceTree = "<group>";
		};
		DB5ACEB01FE25552007C4C98 /* LPCDefine */ = {
			isa = PBXGroup;
			children = (
				DB5ACEB21FE25552007C4C98 /* LPCDefine.h */,
				DB5ACEB11FE25552007C4C98 /* LPCColorDefine.h */,
				DB5ACEB31FE25552007C4C98 /* LPCEnum.h */,
				DB5ACEB41FE25552007C4C98 /* LPCFontDefine.h */,
				DB5ACEB51FE25552007C4C98 /* LPCFrameDefine.h */,
				DB5ACEB61FE25552007C4C98 /* LPCFunctionDefine.h */,
				DB5ACEB71FE25552007C4C98 /* LPCKeyDefine.h */,
				DB5ACEB81FE25552007C4C98 /* LPCLanguageDefine.h */,
				DB5ACEB91FE25552007C4C98 /* LPCOtherDefine.h */,
				DB5ACEBA1FE25552007C4C98 /* LPCPathDefine.h */,
				DB5ACEBB1FE25552007C4C98 /* LPCStringDefine.h */,
				DB5ACEBC1FE25552007C4C98 /* LPCSystemDefine.h */,
				DB5ACEBD1FE25552007C4C98 /* LPCURLDefine.h */,
				DB5ACEBE1FE25552007C4C98 /* LPCVersionDefine.h */,
				DB5ACEBF1FE25552007C4C98 /* LPCViewDefine.h */,
				DB5ACF271FE26100007C4C98 /* LPCThemeDefine.h */,
			);
			path = LPCDefine;
			sourceTree = "<group>";
		};
		DB5ACEC11FE25552007C4C98 /* LPCManager */ = {
			isa = PBXGroup;
			children = (
				DB5ACEC21FE25552007C4C98 /* LPCBaseManager.h */,
				DB5ACEC31FE25552007C4C98 /* LPCBaseManager.m */,
				DB5ACEC41FE25552007C4C98 /* LPCNotificationManager.h */,
				DB5ACEC51FE25552007C4C98 /* LPCNotificationManager.m */,
			);
			path = LPCManager;
			sourceTree = "<group>";
		};
		DB5ACEC61FE25552007C4C98 /* LPCSDK */ = {
			isa = PBXGroup;
			children = (
				DB5ACEC91FE25552007C4C98 /* LPCHTTPSessionManager.h */,
				DB5ACECA1FE25552007C4C98 /* LPCHTTPSessionManager.m */,
				DB5ACECB1FE25552007C4C98 /* LPCMBProgressHUD.h */,
				DB5ACECC1FE25552007C4C98 /* LPCMBProgressHUD.m */,
			);
			path = LPCSDK;
			sourceTree = "<group>";
		};
		DB5ACED11FE25552007C4C98 /* LPCUIKit */ = {
			isa = PBXGroup;
			children = (
				DB5ACEDA1FE25552007C4C98 /* LPCUIKit.h */,
				DB5ACEDB1FE25552007C4C98 /* LPCView.h */,
				DB5ACEDC1FE25552007C4C98 /* LPCView.m */,
				DB5ACF211FE25F9E007C4C98 /* LPCScrollView.h */,
				DB5ACF221FE25F9E007C4C98 /* LPCScrollView.m */,
				DB5ACED61FE25552007C4C98 /* LPCTableView.h */,
				DB5ACED71FE25552007C4C98 /* LPCTableView.m */,
				DB5ACED81FE25552007C4C98 /* LPCTableViewCell.h */,
				DB5ACED91FE25552007C4C98 /* LPCTableViewCell.m */,
				DB5ACF1B1FE25D57007C4C98 /* LPCViewController.h */,
				DB5ACF1C1FE25D57007C4C98 /* LPCViewController.m */,
				DB5ACED21FE25552007C4C98 /* LPCAlertController.h */,
				DB5ACED31FE25552007C4C98 /* LPCAlertController.m */,
			);
			path = LPCUIKit;
			sourceTree = "<group>";
		};
		DB5ACEDD1FE25552007C4C98 /* LPCUtilView */ = {
			isa = PBXGroup;
			children = (
				DB5ACF0C1FE25823007C4C98 /* LPCShareView */,
				DB5ACEDE1FE25552007C4C98 /* LPCErrorcodeView */,
				DB5ACEE21FE25552007C4C98 /* LPCGestureUnlockView */,
			);
			path = LPCUtilView;
			sourceTree = "<group>";
		};
		DB5ACEDE1FE25552007C4C98 /* LPCErrorcodeView */ = {
			isa = PBXGroup;
			children = (
				DB5ACEDF1FE25552007C4C98 /* LPCErrorcodeView.h */,
				DB5ACEE01FE25552007C4C98 /* LPCErrorcodeView.m */,
				DB5ACEE11FE25552007C4C98 /* LPCErrorcodeView.xib */,
			);
			path = LPCErrorcodeView;
			sourceTree = "<group>";
		};
		DB5ACEE21FE25552007C4C98 /* LPCGestureUnlockView */ = {
			isa = PBXGroup;
			children = (
				DB5ACEE81FE25552007C4C98 /* LPCGesturesUnlockIndicator.h */,
				DB5ACEE91FE25552007C4C98 /* LPCGesturesUnlockIndicator.m */,
				DB5ACEEA1FE25552007C4C98 /* LPCGesturesUnlockView.h */,
				DB5ACEEB1FE25552007C4C98 /* LPCGesturesUnlockView.m */,
				DB5ACEEC1FE25552007C4C98 /* LPCGesturesUnlockViewController.h */,
				DB5ACEED1FE25552007C4C98 /* LPCGesturesUnlockViewController.m */,
				DB5ACEEE1FE25552007C4C98 /* LPCGesturesUnlockViewController.xib */,
			);
			path = LPCGestureUnlockView;
			sourceTree = "<group>";
		};
		DB5ACF0A1FE257E3007C4C98 /* LPCBaseKit */ = {
			isa = PBXGroup;
			children = (
				DB5ACF0E1FE25904007C4C98 /* LPCObject.h */,
				DB5ACF0F1FE25904007C4C98 /* LPCObject.m */,
				DB5ACED41FE25552007C4C98 /* LPCBaseModel.h */,
				DB5ACED51FE25552007C4C98 /* LPCBaseModel.m */,
				DB5ACF071FE255B8007C4C98 /* LPCBaseView.h */,
				DB5ACF081FE255B8007C4C98 /* LPCBaseView.m */,
				DB5ACF241FE25FD1007C4C98 /* LPCBaseScrollView.h */,
				DB5ACF251FE25FD1007C4C98 /* LPCBaseScrollView.m */,
				DB5ACF181FE25CE9007C4C98 /* LPCBaseTableView.h */,
				DB5ACF191FE25CE9007C4C98 /* LPCBaseTableView.m */,
				DB5ACF1E1FE25E37007C4C98 /* LPCBaseTableViewCell.h */,
				DB5ACF1F1FE25E37007C4C98 /* LPCBaseTableViewCell.m */,
				DB5ACF151FE25B07007C4C98 /* LPCBaseViewController.h */,
				DB5ACF161FE25B07007C4C98 /* LPCBaseViewController.m */,
			);
			path = LPCBaseKit;
			sourceTree = "<group>";
		};
		DB5ACF0B1FE257F8007C4C98 /* LPCUI */ = {
			isa = PBXGroup;
			children = (
				DB5ACEDD1FE25552007C4C98 /* LPCUtilView */,
				DB5ACED11FE25552007C4C98 /* LPCUIKit */,
			);
			path = LPCUI;
			sourceTree = "<group>";
		};
		DB5ACF0C1FE25823007C4C98 /* LPCShareView */ = {
			isa = PBXGroup;
			children = (
				DB5ACECD1FE25552007C4C98 /* LPCShareView.h */,
				DB5ACECE1FE25552007C4C98 /* LPCShareView.m */,
			);
			path = LPCShareView;
			sourceTree = "<group>";
		};
		DB5ACF0D1FE25868007C4C98 /* LPCFoundation */ = {
			isa = PBXGroup;
			children = (
				DB5ACEC71FE25552007C4C98 /* LPCCommentApp.h */,
				DB5ACEC81FE25552007C4C98 /* LPCCommentApp.m */,
			);
			path = LPCFoundation;
			sourceTree = "<group>";
		};
		DB5ACF111FE2594F007C4C98 /* LPCCategory */ = {
			isa = PBXGroup;
			children = (
				DB5ACF121FE259B2007C4C98 /* UIView+LPCCategoryTool.h */,
				DB5ACF131FE259B2007C4C98 /* UIView+LPCCategoryTool.m */,
			);
			path = LPCCategory;
			sourceTree = "<group>";
		};
		DBC6E13A1F4301C700A4E200 = {
			isa = PBXGroup;
			children = (
				DB5ACEAF1FE25552007C4C98 /* LPCGodlike */,
				DBC6E1451F4301C700A4E200 /* LPCToolsDemo */,
				DBC6E1441F4301C700A4E200 /* Products */,
				5E3075719341E9992183C9AE /* Pods */,
				4D48EAC2E785D39DBF58F24C /* Frameworks */,
			);
			sourceTree = "<group>";
		};
		DBC6E1441F4301C700A4E200 /* Products */ = {
			isa = PBXGroup;
			children = (
				DBC6E1431F4301C700A4E200 /* LPCToolsDemo.app */,
			);
			name = Products;
			sourceTree = "<group>";
		};
		DBC6E1451F4301C700A4E200 /* LPCToolsDemo */ = {
			isa = PBXGroup;
			children = (
				DBC6E1491F4301C700A4E200 /* AppDelegate.h */,
				DBC6E14A1F4301C700A4E200 /* AppDelegate.m */,
				DBC6E14C1F4301C700A4E200 /* ViewController.h */,
				DBC6E14D1F4301C700A4E200 /* ViewController.m */,
				DBC6E14F1F4301C700A4E200 /* Main.storyboard */,
				DBC6E1521F4301C700A4E200 /* Assets.xcassets */,
				DBC6E1541F4301C700A4E200 /* LaunchScreen.storyboard */,
				DBC6E1571F4301C700A4E200 /* Info.plist */,
				DBC6E1461F4301C700A4E200 /* Supporting Files */,
			);
			path = LPCToolsDemo;
			sourceTree = "<group>";
		};
		DBC6E1461F4301C700A4E200 /* Supporting Files */ = {
			isa = PBXGroup;
			children = (
				DBC6E1471F4301C700A4E200 /* main.m */,
			);
			name = "Supporting Files";
			sourceTree = "<group>";
		};
/* End PBXGroup section */

/* Begin PBXNativeTarget section */
		DBC6E1421F4301C700A4E200 /* LPCToolsDemo */ = {
			isa = PBXNativeTarget;
			buildConfigurationList = DBC6E15A1F4301C700A4E200 /* Build configuration list for PBXNativeTarget "LPCToolsDemo" */;
			buildPhases = (
				689E9D58EFD920B92761299F /* [CP] Check Pods Manifest.lock */,
				DBC6E13F1F4301C700A4E200 /* Sources */,
				DBC6E1401F4301C700A4E200 /* Frameworks */,
				DBC6E1411F4301C700A4E200 /* Resources */,
				42E28A1E5E5619722E095B21 /* [CP] Embed Pods Frameworks */,
				7166037E9CC29527D3F36362 /* [CP] Copy Pods Resources */,
			);
			buildRules = (
			);
			dependencies = (
			);
			name = LPCToolsDemo;
			productName = LPCToolsDemo;
			productReference = DBC6E1431F4301C700A4E200 /* LPCToolsDemo.app */;
			productType = "com.apple.product-type.application";
		};
/* End PBXNativeTarget section */

/* Begin PBXProject section */
		DBC6E13B1F4301C700A4E200 /* Project object */ = {
			isa = PBXProject;
			attributes = {
				LastUpgradeCheck = 0830;
				ORGANIZATIONNAME = Godlike;
				TargetAttributes = {
					DBC6E1421F4301C700A4E200 = {
						CreatedOnToolsVersion = 8.3.3;
						DevelopmentTeam = QB7XENBN2X;
						ProvisioningStyle = Automatic;
					};
				};
			};
			buildConfigurationList = DBC6E13E1F4301C700A4E200 /* Build configuration list for PBXProject "LPCToolsDemo" */;
			compatibilityVersion = "Xcode 3.2";
			developmentRegion = English;
			hasScannedForEncodings = 0;
			knownRegions = (
				en,
				Base,
			);
			mainGroup = DBC6E13A1F4301C700A4E200;
			productRefGroup = DBC6E1441F4301C700A4E200 /* Products */;
			projectDirPath = "";
			projectRoot = "";
			targets = (
				DBC6E1421F4301C700A4E200 /* LPCToolsDemo */,
			);
		};
/* End PBXProject section */

/* Begin PBXResourcesBuildPhase section */
		DBC6E1411F4301C700A4E200 /* Resources */ = {
			isa = PBXResourcesBuildPhase;
			buildActionMask = 2147483647;
			files = (
				DB5ACEFD1FE25552007C4C98 /* LPCErrorcodeView.xib in Resources */,
				DBC6E1561F4301C700A4E200 /* LaunchScreen.storyboard in Resources */,
				DB5ACF061FE25552007C4C98 /* LPCGesturesUnlockViewController.xib in Resources */,
				DB5ACEEF1FE25552007C4C98 /* LPCImages.bundle in Resources */,
				DBC6E1531F4301C700A4E200 /* Assets.xcassets in Resources */,
				DBC6E1511F4301C700A4E200 /* Main.storyboard in Resources */,
			);
			runOnlyForDeploymentPostprocessing = 0;
		};
/* End PBXResourcesBuildPhase section */

/* Begin PBXShellScriptBuildPhase section */
		42E28A1E5E5619722E095B21 /* [CP] Embed Pods Frameworks */ = {
			isa = PBXShellScriptBuildPhase;
			buildActionMask = 2147483647;
			files = (
			);
			inputPaths = (
			);
			name = "[CP] Embed Pods Frameworks";
			outputPaths = (
			);
			runOnlyForDeploymentPostprocessing = 0;
			shellPath = /bin/sh;
			shellScript = "\"${SRCROOT}/Pods/Target Support Files/Pods-LPCToolsDemo/Pods-LPCToolsDemo-frameworks.sh\"\n";
			showEnvVarsInLog = 0;
		};
		689E9D58EFD920B92761299F /* [CP] Check Pods Manifest.lock */ = {
			isa = PBXShellScriptBuildPhase;
			buildActionMask = 2147483647;
			files = (
			);
			inputPaths = (
				"${PODS_PODFILE_DIR_PATH}/Podfile.lock",
				"${PODS_ROOT}/Manifest.lock",
			);
			name = "[CP] Check Pods Manifest.lock";
			outputPaths = (
				"$(DERIVED_FILE_DIR)/Pods-LPCToolsDemo-checkManifestLockResult.txt",
			);
			runOnlyForDeploymentPostprocessing = 0;
			shellPath = /bin/sh;
			shellScript = "diff \"${PODS_PODFILE_DIR_PATH}/Podfile.lock\" \"${PODS_ROOT}/Manifest.lock\" > /dev/null\nif [ $? != 0 ] ; then\n    # print error to STDERR\n    echo \"error: The sandbox is not in sync with the Podfile.lock. Run 'pod install' or update your CocoaPods installation.\" >&2\n    exit 1\nfi\n# This output is used by Xcode 'outputs' to avoid re-running this script phase.\necho \"SUCCESS\" > \"${SCRIPT_OUTPUT_FILE_0}\"\n";
			showEnvVarsInLog = 0;
		};
		7166037E9CC29527D3F36362 /* [CP] Copy Pods Resources */ = {
			isa = PBXShellScriptBuildPhase;
			buildActionMask = 2147483647;
			files = (
			);
			inputPaths = (
			);
			name = "[CP] Copy Pods Resources";
			outputPaths = (
			);
			runOnlyForDeploymentPostprocessing = 0;
			shellPath = /bin/sh;
			shellScript = "\"${SRCROOT}/Pods/Target Support Files/Pods-LPCToolsDemo/Pods-LPCToolsDemo-resources.sh\"\n";
			showEnvVarsInLog = 0;
		};
/* End PBXShellScriptBuildPhase section */

/* Begin PBXSourcesBuildPhase section */
		DBC6E13F1F4301C700A4E200 /* Sources */ = {
			isa = PBXSourcesBuildPhase;
			buildActionMask = 2147483647;
			files = (
				DB5ACEF01FE25552007C4C98 /* LPCBaseManager.m in Sources */,
				DB5ACEF71FE25552007C4C98 /* LPCAlertController.m in Sources */,
				DB5ACF1A1FE25CE9007C4C98 /* LPCBaseTableView.m in Sources */,
				DB5ACEF61FE25552007C4C98 /* LPCTools.m in Sources */,
				DB5ACF171FE25B07007C4C98 /* LPCBaseViewController.m in Sources */,
				DB5ACEF41FE25552007C4C98 /* LPCMBProgressHUD.m in Sources */,
				DB5ACEF81FE25552007C4C98 /* LPCBaseModel.m in Sources */,
				DB5ACEF31FE25552007C4C98 /* LPCHTTPSessionManager.m in Sources */,
				DB5ACEF51FE25552007C4C98 /* LPCShareView.m in Sources */,
				DB5ACF231FE25F9E007C4C98 /* LPCScrollView.m in Sources */,
				DB5ACEFB1FE25552007C4C98 /* LPCView.m in Sources */,
				DBC6E14E1F4301C700A4E200 /* ViewController.m in Sources */,
				DB5ACF091FE255B8007C4C98 /* LPCBaseView.m in Sources */,
				DBC6E14B1F4301C700A4E200 /* AppDelegate.m in Sources */,
				DB5ACEF21FE25552007C4C98 /* LPCCommentApp.m in Sources */,
				DB5ACF051FE25552007C4C98 /* LPCGesturesUnlockViewController.m in Sources */,
				DB5ACF101FE25904007C4C98 /* LPCObject.m in Sources */,
				DBC6E1481F4301C700A4E200 /* main.m in Sources */,
				DB5ACF261FE25FD1007C4C98 /* LPCBaseScrollView.m in Sources */,
				DB5ACEFC1FE25552007C4C98 /* LPCErrorcodeView.m in Sources */,
				DB5ACF201FE25E37007C4C98 /* LPCBaseTableViewCell.m in Sources */,
				DB5ACF141FE259B2007C4C98 /* UIView+LPCCategoryTool.m in Sources */,
				DB5ACF1D1FE25D57007C4C98 /* LPCViewController.m in Sources */,
				DB5ACEF91FE25552007C4C98 /* LPCTableView.m in Sources */,
				DB5ACF041FE25552007C4C98 /* LPCGesturesUnlockView.m in Sources */,
				DB5ACEF11FE25552007C4C98 /* LPCNotificationManager.m in Sources */,
				DB5ACEFA1FE25552007C4C98 /* LPCTableViewCell.m in Sources */,
				DB5ACF031FE25552007C4C98 /* LPCGesturesUnlockIndicator.m in Sources */,
			);
			runOnlyForDeploymentPostprocessing = 0;
		};
/* End PBXSourcesBuildPhase section */

/* Begin PBXVariantGroup section */
		DBC6E14F1F4301C700A4E200 /* Main.storyboard */ = {
			isa = PBXVariantGroup;
			children = (
				DBC6E1501F4301C700A4E200 /* Base */,
			);
			name = Main.storyboard;
			sourceTree = "<group>";
		};
		DBC6E1541F4301C700A4E200 /* LaunchScreen.storyboard */ = {
			isa = PBXVariantGroup;
			children = (
				DBC6E1551F4301C700A4E200 /* Base */,
			);
			name = LaunchScreen.storyboard;
			sourceTree = "<group>";
		};
/* End PBXVariantGroup section */

/* Begin XCBuildConfiguration section */
		DBC6E1581F4301C700A4E200 /* Debug */ = {
			isa = XCBuildConfiguration;
			buildSettings = {
				ALWAYS_SEARCH_USER_PATHS = YES;
				CLANG_ANALYZER_NONNULL = YES;
				CLANG_ANALYZER_NUMBER_OBJECT_CONVERSION = YES_AGGRESSIVE;
				CLANG_CXX_LANGUAGE_STANDARD = "gnu++0x";
				CLANG_CXX_LIBRARY = "libc++";
				CLANG_ENABLE_MODULES = YES;
				CLANG_ENABLE_OBJC_ARC = YES;
				CLANG_WARN_BOOL_CONVERSION = YES;
				CLANG_WARN_CONSTANT_CONVERSION = YES;
				CLANG_WARN_DIRECT_OBJC_ISA_USAGE = YES_ERROR;
				CLANG_WARN_DOCUMENTATION_COMMENTS = YES;
				CLANG_WARN_EMPTY_BODY = YES;
				CLANG_WARN_ENUM_CONVERSION = YES;
				CLANG_WARN_INFINITE_RECURSION = YES;
				CLANG_WARN_INT_CONVERSION = YES;
				CLANG_WARN_OBJC_ROOT_CLASS = YES_ERROR;
				CLANG_WARN_SUSPICIOUS_MOVE = YES;
				CLANG_WARN_UNREACHABLE_CODE = YES;
				CLANG_WARN__DUPLICATE_METHOD_MATCH = YES;
				"CODE_SIGN_IDENTITY[sdk=iphoneos*]" = "iPhone Developer";
				COPY_PHASE_STRIP = NO;
				DEBUG_INFORMATION_FORMAT = dwarf;
				ENABLE_STRICT_OBJC_MSGSEND = YES;
				ENABLE_TESTABILITY = YES;
				GCC_C_LANGUAGE_STANDARD = gnu99;
				GCC_DYNAMIC_NO_PIC = NO;
				GCC_NO_COMMON_BLOCKS = YES;
				GCC_OPTIMIZATION_LEVEL = 0;
				GCC_PREPROCESSOR_DEFINITIONS = (
					"DEBUG=1",
					"$(inherited)",
				);
				GCC_WARN_64_TO_32_BIT_CONVERSION = YES;
				GCC_WARN_ABOUT_RETURN_TYPE = YES_ERROR;
				GCC_WARN_UNDECLARED_SELECTOR = YES;
				GCC_WARN_UNINITIALIZED_AUTOS = YES_AGGRESSIVE;
				GCC_WARN_UNUSED_FUNCTION = YES;
				GCC_WARN_UNUSED_VARIABLE = YES;
				IPHONEOS_DEPLOYMENT_TARGET = 10.0;
				MTL_ENABLE_DEBUG_INFO = YES;
				ONLY_ACTIVE_ARCH = YES;
				SDKROOT = iphoneos;
				TARGETED_DEVICE_FAMILY = "1,2";
			};
			name = Debug;
		};
		DBC6E1591F4301C700A4E200 /* Release */ = {
			isa = XCBuildConfiguration;
			buildSettings = {
				ALWAYS_SEARCH_USER_PATHS = YES;
				CLANG_ANALYZER_NONNULL = YES;
				CLANG_ANALYZER_NUMBER_OBJECT_CONVERSION = YES_AGGRESSIVE;
				CLANG_CXX_LANGUAGE_STANDARD = "gnu++0x";
				CLANG_CXX_LIBRARY = "libc++";
				CLANG_ENABLE_MODULES = YES;
				CLANG_ENABLE_OBJC_ARC = YES;
				CLANG_WARN_BOOL_CONVERSION = YES;
				CLANG_WARN_CONSTANT_CONVERSION = YES;
				CLANG_WARN_DIRECT_OBJC_ISA_USAGE = YES_ERROR;
				CLANG_WARN_DOCUMENTATION_COMMENTS = YES;
				CLANG_WARN_EMPTY_BODY = YES;
				CLANG_WARN_ENUM_CONVERSION = YES;
				CLANG_WARN_INFINITE_RECURSION = YES;
				CLANG_WARN_INT_CONVERSION = YES;
				CLANG_WARN_OBJC_ROOT_CLASS = YES_ERROR;
				CLANG_WARN_SUSPICIOUS_MOVE = YES;
				CLANG_WARN_UNREACHABLE_CODE = YES;
				CLANG_WARN__DUPLICATE_METHOD_MATCH = YES;
				"CODE_SIGN_IDENTITY[sdk=iphoneos*]" = "iPhone Developer";
				COPY_PHASE_STRIP = NO;
				DEBUG_INFORMATION_FORMAT = "dwarf-with-dsym";
				ENABLE_NS_ASSERTIONS = NO;
				ENABLE_STRICT_OBJC_MSGSEND = YES;
				GCC_C_LANGUAGE_STANDARD = gnu99;
				GCC_NO_COMMON_BLOCKS = YES;
				GCC_WARN_64_TO_32_BIT_CONVERSION = YES;
				GCC_WARN_ABOUT_RETURN_TYPE = YES_ERROR;
				GCC_WARN_UNDECLARED_SELECTOR = YES;
				GCC_WARN_UNINITIALIZED_AUTOS = YES_AGGRESSIVE;
				GCC_WARN_UNUSED_FUNCTION = YES;
				GCC_WARN_UNUSED_VARIABLE = YES;
				IPHONEOS_DEPLOYMENT_TARGET = 10.0;
				MTL_ENABLE_DEBUG_INFO = NO;
				SDKROOT = iphoneos;
				TARGETED_DEVICE_FAMILY = "1,2";
				VALIDATE_PRODUCT = YES;
			};
			name = Release;
		};
		DBC6E15B1F4301C700A4E200 /* Debug */ = {
			isa = XCBuildConfiguration;
			baseConfigurationReference = 798803811E9C9BF34F1B051D /* Pods-LPCToolsDemo.debug.xcconfig */;
			buildSettings = {
				ALWAYS_SEARCH_USER_PATHS = YES;
				ASSETCATALOG_COMPILER_APPICON_NAME = AppIcon;
				"CODE_SIGN_IDENTITY[sdk=iphoneos*]" = "iPhone Developer";
				CODE_SIGN_STYLE = Automatic;
				DEVELOPMENT_TEAM = QB7XENBN2X;
				HEADER_SEARCH_PATHS = (
					"$(inherited)",
					"\"${PODS_ROOT}/Headers/Public\"",
					"\"${PODS_ROOT}/Headers/Public/AFNetworking\"",
					"\"${PODS_ROOT}/Headers/Public/MBProgressHUD\"",
				);
				INFOPLIST_FILE = LPCToolsDemo/Info.plist;
				IPHONEOS_DEPLOYMENT_TARGET = 10.0;
				LD_RUNPATH_SEARCH_PATHS = "$(inherited) @executable_path/Frameworks";
				PRODUCT_BUNDLE_IDENTIFIER = com.godlike.LPCTools;
				PRODUCT_NAME = "$(TARGET_NAME)";
				PROVISIONING_PROFILE_SPECIFIER = "";
				VALID_ARCHS = arm64;
			};
			name = Debug;
		};
		DBC6E15C1F4301C700A4E200 /* Release */ = {
			isa = XCBuildConfiguration;
			baseConfigurationReference = C49EFD0FEF477132F38427CE /* Pods-LPCToolsDemo.release.xcconfig */;
			buildSettings = {
				ALWAYS_SEARCH_USER_PATHS = YES;
				ASSETCATALOG_COMPILER_APPICON_NAME = AppIcon;
				"CODE_SIGN_IDENTITY[sdk=iphoneos*]" = "iPhone Developer";
				CODE_SIGN_STYLE = Automatic;
				DEVELOPMENT_TEAM = QB7XENBN2X;
				HEADER_SEARCH_PATHS = (
					"$(inherited)",
					"\"${PODS_ROOT}/Headers/Public\"",
					"\"${PODS_ROOT}/Headers/Public/AFNetworking\"",
					"\"${PODS_ROOT}/Headers/Public/MBProgressHUD\"",
				);
				INFOPLIST_FILE = LPCToolsDemo/Info.plist;
				IPHONEOS_DEPLOYMENT_TARGET = 10.0;
				LD_RUNPATH_SEARCH_PATHS = "$(inherited) @executable_path/Frameworks";
				PRODUCT_BUNDLE_IDENTIFIER = com.godlike.LPCTools;
				PRODUCT_NAME = "$(TARGET_NAME)";
				PROVISIONING_PROFILE_SPECIFIER = "";
				VALID_ARCHS = arm64;
			};
			name = Release;
		};
/* End XCBuildConfiguration section */

/* Begin XCConfigurationList section */
		DBC6E13E1F4301C700A4E200 /* Build configuration list for PBXProject "LPCToolsDemo" */ = {
			isa = XCConfigurationList;
			buildConfigurations = (
				DBC6E1581F4301C700A4E200 /* Debug */,
				DBC6E1591F4301C700A4E200 /* Release */,
			);
			defaultConfigurationIsVisible = 0;
			defaultConfigurationName = Release;
		};
		DBC6E15A1F4301C700A4E200 /* Build configuration list for PBXNativeTarget "LPCToolsDemo" */ = {
			isa = XCConfigurationList;
			buildConfigurations = (
				DBC6E15B1F4301C700A4E200 /* Debug */,
				DBC6E15C1F4301C700A4E200 /* Release */,
			);
			defaultConfigurationIsVisible = 0;
			defaultConfigurationName = Release;
		};
/* End XCConfigurationList section */
	};
	rootObject = DBC6E13B1F4301C700A4E200 /* Project object */;
}
