PODS:
  - AFNetworking (3.2.1):
    - AFNetworking/NSURLSession (= 3.2.1)
    - AFNetworking/Reachability (= 3.2.1)
    - AFNetworking/Security (= 3.2.1)
    - AFNetworking/Serialization (= 3.2.1)
    - AFNetworking/UIKit (= 3.2.1)
  - AFNetworking/NSURLSession (3.2.1):
    - AFNetworking/Reachability
    - AFNetworking/Security
    - AFNetworking/Serialization
  - AFNetworking/Reachability (3.2.1)
  - AFNetworking/Security (3.2.1)
  - AFNetworking/Serialization (3.2.1)
  - AFNetworking/UIKit (3.2.1):
    - AFNetworking/NSURLSession
  - JSONModel (1.8.0)
  - LPCTools (0.4.0):
    - AFNetworking
    - JSONModel

DEPENDENCIES:
  - LPCTools (from `../`)

SPEC REPOS:
  https://github.com/cocoapods/specs.git:
    - AFNetworking
    - JSONModel

EXTERNAL SOURCES:
  LPCTools:
    :path: "../"

SPEC CHECKSUMS:
  AFNetworking: b6f891fdfaed196b46c7a83cf209e09697b94057
  JSONModel: 02ab723958366a3fd27da57ea2af2113658762e9
  LPCTools: 29800e05499e80a2ed324a26f9961e5b3b2f30e6

PODFILE CHECKSUM: 392bc56f15879184708df1c4f3218b2070cd17af

COCOAPODS: 1.5.3
